
Microsoft Visual Studio Solution File, Format Version 12.00
# Visual Studio Version 17
VisualStudioVersion = 17.3.32825.248
MinimumVisualStudioVersion = 10.0.40219.1
Project("{8BC9CEB8-8B4A-11D0-8D11-00A0C91BC942}") = "Project2", "Project2\Project2.vcxproj", "{29BA54E2-95AE-4C74-B6A8-9FAD115370AD}"
EndProject
Global
	GlobalSection(SolutionConfigurationPlatforms) = preSolution
		Debug|x64 = Debug|x64
		Debug|x86 = Debug|x86
		Release|x64 = Release|x64
		Release|x86 = Release|x86
	EndGlobalSection
	GlobalSection(ProjectConfigurationPlatforms) = postSolution
		{29BA54E2-95AE-4C74-B6A8-9FAD115370AD}.Debug|x64.ActiveCfg = Debug|x64
		{29BA54E2-95AE-4C74-B6A8-9FAD115370AD}.Debug|x64.Build.0 = Debug|x64
		{29BA54E2-95AE-4C74-B6A8-9FAD115370AD}.Debug|x86.ActiveCfg = Debug|Win32
		{29BA54E2-95AE-4C74-B6A8-9FAD115370AD}.Debug|x86.Build.0 = Debug|Win32
		{29BA54E2-95AE-4C74-B6A8-9FAD115370AD}.Release|x64.ActiveCfg = Release|x64
		{29BA54E2-95AE-4C74-B6A8-9FAD115370AD}.Release|x64.Build.0 = Release|x64
		{29BA54E2-95AE-4C74-B6A8-9FAD115370AD}.Release|x86.ActiveCfg = Release|Win32
		{29BA54E2-95AE-4C74-B6A8-9FAD115370AD}.Release|x86.Build.0 = Release|Win32
	EndGlobalSection
	GlobalSection(SolutionProperties) = preSolution
		HideSolutionNode = FALSE
	EndGlobalSection
	GlobalSection(ExtensibilityGlobals) = postSolution
		SolutionGuid = {2AE202D2-5C7D-4FD8-B29D-E77308F42C0C}
	EndGlobalSection
EndGlobal
